<?xml version="1.0" encoding="utf-8"?>
<Project ToolsVersion="4.0" xmlns="http://schemas.microsoft.com/developer/msbuild/2003">
  <ItemGroup>
    <Filter Include="소스 파일">
      <UniqueIdentifier>{4FC737F1-C7A5-4376-A066-2A32D752A2FF}</UniqueIdentifier>
      <Extensions>cpp;c;cc;cxx;c++;cppm;ixx;def;odl;idl;hpj;bat;asm;asmx</Extensions>
    </Filter>
    <Filter Include="헤더 파일">
      <UniqueIdentifier>{93995380-89BD-4b04-88EB-625FBE52EBFB}</UniqueIdentifier>
      <Extensions>h;hh;hpp;hxx;h++;hm;inl;inc;ipp;xsd</Extensions>
    </Filter>
    <Filter Include="리소스 파일">
      <UniqueIdentifier>{67DA6AB6-F800-4c08-8B7A-83BB121AAD01}</UniqueIdentifier>
      <Extensions>rc;ico;cur;bmp;dlg;rc2;rct;bin;rgs;gif;jpg;jpeg;jpe;resx;tiff;tif;png;wav;mfcribbon-ms</Extensions>
    </Filter>
    <Filter Include="Player">
      <UniqueIdentifier>{9a1f3e46-39f8-4dbc-b04e-10ac9114c08e}</UniqueIdentifier>
    </Filter>
    <Filter Include="World">
      <UniqueIdentifier>{cab25af1-35e6-4d98-99f4-f7bf583b2177}</UniqueIdentifier>
    </Filter>
    <Filter Include="Monster">
      <UniqueIdentifier>{510415f3-5d1d-45d5-ae04-d88826681834}</UniqueIdentifier>
    </Filter>
    <Filter Include="Component">
      <UniqueIdentifier>{2d24812d-0fe2-49a4-9606-c56abfb41edc}</UniqueIdentifier>
    </Filter>
    <Filter Include="Interface">
      <UniqueIdentifier>{735ff989-9ba2-4890-b154-c82e373a4da8}</UniqueIdentifier>
    </Filter>
    <Filter Include="Component\State">
      <UniqueIdentifier>{7556fa80-b64f-48d2-8a3b-6892d031bfa5}</UniqueIdentifier>
    </Filter>
    <Filter Include="Setting">
      <UniqueIdentifier>{fa1cec0b-9c3e-4bff-ab9c-687795ca52c1}</UniqueIdentifier>
    </Filter>
    <Filter Include="Character">
      <UniqueIdentifier>{fe92c45b-5b7e-45e0-ae45-0a3ac018cc88}</UniqueIdentifier>
    </Filter>
    <Filter Include="Table">
      <UniqueIdentifier>{4613ae85-46c9-465f-aa21-5927779fd99d}</UniqueIdentifier>
    </Filter>
    <Filter Include="Inventory">
      <UniqueIdentifier>{e0512f9b-0e11-4458-a418-1a31e7ed58c2}</UniqueIdentifier>
    </Filter>
    <Filter Include="UI">
      <UniqueIdentifier>{e589bef1-ccbd-4385-964e-14a7ff53f30f}</UniqueIdentifier>
    </Filter>
    <Filter Include="UI\Main">
      <UniqueIdentifier>{f0edea82-5563-4b24-91ba-d1e69f9b24b5}</UniqueIdentifier>
    </Filter>
    <Filter Include="UI\Main\Inventory">
      <UniqueIdentifier>{f58da9a3-eda7-43e4-ab04-5aed5cdbc014}</UniqueIdentifier>
    </Filter>
    <Filter Include="UI\Main\PlayerState">
      <UniqueIdentifier>{dced8948-8dc3-4522-b301-db5f7b54bdfe}</UniqueIdentifier>
    </Filter>
    <Filter Include="UI\Main\WorldHUD">
      <UniqueIdentifier>{973c0a5f-f23c-4584-a1ca-5699758b660f}</UniqueIdentifier>
    </Filter>
    <Filter Include="UI\Start">
      <UniqueIdentifier>{efcdbb34-1393-4ae0-9074-16bbe87907ad}</UniqueIdentifier>
    </Filter>
    <Filter Include="Thread">
      <UniqueIdentifier>{2d29d1b6-5fbf-4b78-9fba-bc1f97af8011}</UniqueIdentifier>
    </Filter>
    <Filter Include="UI\Loading">
      <UniqueIdentifier>{afefe725-7064-4e7c-8c7d-c748481cfc4c}</UniqueIdentifier>
    </Filter>
  </ItemGroup>
  <ItemGroup>
    <ClCompile Include="main.cpp">
      <Filter>소스 파일</Filter>
    </ClCompile>
    <ClCompile Include="Player\CPlayer.cpp">
      <Filter>Player</Filter>
    </ClCompile>
    <ClCompile Include="World\CMainWorld.cpp">
      <Filter>World</Filter>
    </ClCompile>
    <ClCompile Include="Player\CBullet.cpp">
      <Filter>Player</Filter>
    </ClCompile>
    <ClCompile Include="Monster\CMonster.cpp">
      <Filter>Monster</Filter>
    </ClCompile>
    <ClCompile Include="Component\CStateComponent.cpp">
      <Filter>Component\State</Filter>
    </ClCompile>
    <ClCompile Include="Player\CMissile.cpp">
      <Filter>Player</Filter>
    </ClCompile>
    <ClCompile Include="Interface\CStateInterface.cpp">
      <Filter>Interface</Filter>
    </ClCompile>
    <ClCompile Include="Monster\CMonsterSpawnPoint.cpp">
      <Filter>Monster</Filter>
    </ClCompile>
    <ClCompile Include="Player\CBulletEffect.cpp">
      <Filter>Player</Filter>
    </ClCompile>
    <ClCompile Include="CGlobalSetting.cpp">
      <Filter>Setting</Filter>
    </ClCompile>
    <ClCompile Include="Character\CPlayerCharacter.cpp">
      <Filter>Character</Filter>
    </ClCompile>
    <ClCompile Include="Character\CCharacter.cpp">
      <Filter>Character</Filter>
    </ClCompile>
    <ClCompile Include="Character\CNonPlayerCharacter.cpp">
      <Filter>Character</Filter>
    </ClCompile>
    <ClCompile Include="CHitPointComponent.cpp">
      <Filter>Component\State</Filter>
    </ClCompile>
    <ClCompile Include="Character\CWeapon_Battle.cpp">
      <Filter>Character</Filter>
    </ClCompile>
    <ClCompile Include="Inventory\CShop.cpp">
      <Filter>Inventory</Filter>
    </ClCompile>
    <ClCompile Include="Inventory\CInventoryData.cpp">
      <Filter>Inventory</Filter>
    </ClCompile>
    <ClCompile Include="World\CBrotatoWorld_Battle.cpp">
      <Filter>World</Filter>
    </ClCompile>
    <ClCompile Include="Table\CTableManager.cpp">
      <Filter>Table</Filter>
    </ClCompile>
    <ClCompile Include="Inventory\CInventoryItem.cpp">
      <Filter>Inventory</Filter>
    </ClCompile>
    <ClCompile Include="Character\CCharacterData.cpp">
      <Filter>Character</Filter>
    </ClCompile>
    <ClCompile Include="Inventory\CInventoryItem_Weapon.cpp">
      <Filter>Inventory</Filter>
    </ClCompile>
    <ClCompile Include="Inventory\CInventoryItem_Item.cpp">
      <Filter>Inventory</Filter>
    </ClCompile>
    <ClCompile Include="UI\CMainWidget.cpp">
      <Filter>UI\Main</Filter>
    </ClCompile>
    <ClCompile Include="UI\CInventory.cpp">
      <Filter>UI\Main\Inventory</Filter>
    </ClCompile>
    <ClCompile Include="UI\CSlot.cpp">
      <Filter>UI\Main\Inventory</Filter>
    </ClCompile>
    <ClCompile Include="UI\CSlotIcon.cpp">
      <Filter>UI\Main\Inventory</Filter>
    </ClCompile>
    <ClCompile Include="UI\CWorldHUD.cpp">
      <Filter>UI\Main\WorldHUD</Filter>
    </ClCompile>
    <ClCompile Include="World\CStartWorld.cpp">
      <Filter>World</Filter>
    </ClCompile>
    <ClCompile Include="UI\CPlayerStateWidget.cpp">
      <Filter>UI\Main\PlayerState</Filter>
    </ClCompile>
    <ClCompile Include="UI\CStartWidget.cpp">
      <Filter>UI\Start</Filter>
    </ClCompile>
    <ClCompile Include="World\CLoadingWorld.cpp">
      <Filter>World</Filter>
    </ClCompile>
    <ClCompile Include="Thread\CLoadingThread.cpp">
      <Filter>소스 파일</Filter>
    </ClCompile>
    <ClCompile Include="UI\CLoadingWidget.cpp">
      <Filter>소스 파일</Filter>
    </ClCompile>
  </ItemGroup>
  <ItemGroup>
    <ClInclude Include="Player\CPlayer.h">
      <Filter>Player</Filter>
    </ClInclude>
    <ClInclude Include="World\CMainWorld.h">
      <Filter>World</Filter>
    </ClInclude>
    <ClInclude Include="Player\CBullet.h">
      <Filter>Player</Filter>
    </ClInclude>
    <ClInclude Include="Monster\CMonster.h">
      <Filter>Monster</Filter>
    </ClInclude>
    <ClInclude Include="Component\CStateComponent.h">
      <Filter>Component\State</Filter>
    </ClInclude>
    <ClInclude Include="Player\CMissile.h">
      <Filter>Player</Filter>
    </ClInclude>
    <ClInclude Include="Interface\CStateInterface.h">
      <Filter>Interface</Filter>
    </ClInclude>
    <ClInclude Include="Monster\CMonsterSpawnPoint.h">
      <Filter>Monster</Filter>
    </ClInclude>
    <ClInclude Include="Player\CBulletEffect.h">
      <Filter>Player</Filter>
    </ClInclude>
    <ClInclude Include="CGlobalSetting.h">
      <Filter>Setting</Filter>
    </ClInclude>
    <ClInclude Include="Character\CPlayerCharacter.h">
      <Filter>Character</Filter>
    </ClInclude>
    <ClInclude Include="Character\CCharacter.h">
      <Filter>Character</Filter>
    </ClInclude>
    <ClInclude Include="Character\CNonPlayerCharacter.h">
      <Filter>Character</Filter>
    </ClInclude>
    <ClInclude Include="Strings.h">
      <Filter>헤더 파일</Filter>
    </ClInclude>
    <ClInclude Include="CHitPointComponent.h">
      <Filter>Component\State</Filter>
    </ClInclude>
    <ClInclude Include="Character\CWeapon_Battle.h">
      <Filter>Character</Filter>
    </ClInclude>
    <ClInclude Include="Table\WeaponInfo.h">
      <Filter>Table</Filter>
    </ClInclude>
    <ClInclude Include="Defines.h">
      <Filter>헤더 파일</Filter>
    </ClInclude>
    <ClInclude Include="Table\WeaponTable.h">
      <Filter>Table</Filter>
    </ClInclude>
    <ClInclude Include="Table\ItemInfo.h">
      <Filter>Table</Filter>
    </ClInclude>
    <ClInclude Include="Table\ItemTable.h">
      <Filter>Table</Filter>
    </ClInclude>
    <ClInclude Include="Table\CharacterVisualInfo.h">
      <Filter>Table</Filter>
    </ClInclude>
    <ClInclude Include="Table\CharacterVisualTable.h">
      <Filter>Table</Filter>
    </ClInclude>
    <ClInclude Include="Table\MiscInfo.h">
      <Filter>Table</Filter>
    </ClInclude>
    <ClInclude Include="Table\MiscTable.h">
      <Filter>Table</Filter>
    </ClInclude>
    <ClInclude Include="Inventory\CShop.h">
      <Filter>Inventory</Filter>
    </ClInclude>
    <ClInclude Include="Inventory\CInventoryData.h">
      <Filter>Inventory</Filter>
    </ClInclude>
    <ClInclude Include="World\CBrotatoWorld_Battle.h">
      <Filter>World</Filter>
    </ClInclude>
    <ClInclude Include="Table\CTableManager.h">
      <Filter>Table</Filter>
    </ClInclude>
    <ClInclude Include="Utility.h">
      <Filter>헤더 파일</Filter>
    </ClInclude>
    <ClInclude Include="Inventory\CInventoryItem.h">
      <Filter>Inventory</Filter>
    </ClInclude>
    <ClInclude Include="Character\CCharacterData.h">
      <Filter>Character</Filter>
    </ClInclude>
    <ClInclude Include="Inventory\CInventoryItem_Weapon.h">
      <Filter>Inventory</Filter>
    </ClInclude>
    <ClInclude Include="Inventory\CInventoryItem_Item.h">
      <Filter>Inventory</Filter>
    </ClInclude>
    <ClInclude Include="UI\CMainWidget.h">
      <Filter>UI\Main</Filter>
    </ClInclude>
    <ClInclude Include="UI\CInventory.h">
      <Filter>UI\Main\Inventory</Filter>
    </ClInclude>
    <ClInclude Include="UI\CSlot.h">
      <Filter>UI\Main\Inventory</Filter>
    </ClInclude>
    <ClInclude Include="UI\CSlotIcon.h">
      <Filter>UI\Main\Inventory</Filter>
    </ClInclude>
    <ClInclude Include="Table\StringTable.h">
      <Filter>Table</Filter>
    </ClInclude>
    <ClInclude Include="Table\FStringInfo.h">
      <Filter>Table</Filter>
    </ClInclude>
    <ClInclude Include="UI\CWorldHUD.h">
      <Filter>UI\Main\WorldHUD</Filter>
    </ClInclude>
    <ClInclude Include="World\CStartWorld.h">
      <Filter>World</Filter>
    </ClInclude>
    <ClInclude Include="UI\CPlayerStateWidget.h">
      <Filter>UI\Main\PlayerState</Filter>
    </ClInclude>
    <ClInclude Include="UI\CStartWidget.h">
      <Filter>UI\Start</Filter>
    </ClInclude>
    <ClInclude Include="World\CLoadingWorld.h">
      <Filter>World</Filter>
    </ClInclude>
    <ClInclude Include="ClientInfo.h">
      <Filter>헤더 파일</Filter>
    </ClInclude>
    <ClInclude Include="Thread\CLoadingThread.h">
      <Filter>헤더 파일</Filter>
    </ClInclude>
    <ClInclude Include="UI\CLoadingWidget.h">
      <Filter>헤더 파일</Filter>
    </ClInclude>
  </ItemGroup>
  <ItemGroup>
    <None Include="Copy.bat">
      <Filter>소스 파일</Filter>
    </None>
  </ItemGroup>
</Project>