<?xml version="1.0" encoding="utf-8"?>
<Project ToolsVersion="4.0" xmlns="http://schemas.microsoft.com/developer/msbuild/2003">
  <ItemGroup>
    <Filter Include="소스 파일">
      <UniqueIdentifier>{4FC737F1-C7A5-4376-A066-2A32D752A2FF}</UniqueIdentifier>
      <Extensions>cpp;c;cc;cxx;c++;cppm;ixx;def;odl;idl;hpj;bat;asm;asmx</Extensions>
    </Filter>
    <Filter Include="헤더 파일">
      <UniqueIdentifier>{93995380-89BD-4b04-88EB-625FBE52EBFB}</UniqueIdentifier>
      <Extensions>h;hh;hpp;hxx;h++;hm;inl;inc;ipp;xsd</Extensions>
    </Filter>
    <Filter Include="리소스 파일">
      <UniqueIdentifier>{67DA6AB6-F800-4c08-8B7A-83BB121AAD01}</UniqueIdentifier>
      <Extensions>rc;ico;cur;bmp;dlg;rc2;rct;bin;rgs;gif;jpg;jpeg;jpe;resx;tiff;tif;png;wav;mfcribbon-ms</Extensions>
    </Filter>
    <Filter Include="Core">
      <UniqueIdentifier>{6480c380-25a8-4497-8774-7996ccc04e9d}</UniqueIdentifier>
    </Filter>
    <Filter Include="Core\Object">
      <UniqueIdentifier>{43363bad-d05d-4c18-a04e-fc18919324f2}</UniqueIdentifier>
    </Filter>
    <Filter Include="World">
      <UniqueIdentifier>{c83c9741-84e1-4148-a483-ab3decd893c8}</UniqueIdentifier>
    </Filter>
    <Filter Include="Asset">
      <UniqueIdentifier>{9301b53a-d4e3-4b5f-ac13-520988bef5ad}</UniqueIdentifier>
    </Filter>
    <Filter Include="Asset\Mesh">
      <UniqueIdentifier>{52a7d00c-dcc1-45de-8490-45640409bef4}</UniqueIdentifier>
    </Filter>
    <Filter Include="Math">
      <UniqueIdentifier>{2fc911d5-15f2-4077-a929-dc32310fe604}</UniqueIdentifier>
    </Filter>
    <Filter Include="Core\Timer">
      <UniqueIdentifier>{fd80a7e3-1b70-4d27-b6bd-f17f6322f2f9}</UniqueIdentifier>
    </Filter>
    <Filter Include="Core\Device">
      <UniqueIdentifier>{ce660eb7-03f4-4a87-8d5e-2b4c2a22c4a8}</UniqueIdentifier>
    </Filter>
    <Filter Include="Asset\Shader">
      <UniqueIdentifier>{4a18de9f-41bf-44f3-8040-baa7992f6ceb}</UniqueIdentifier>
    </Filter>
    <Filter Include="Asset\Shader\HLSL">
      <UniqueIdentifier>{c8a47421-f87f-457b-a4a6-4e434c6d2745}</UniqueIdentifier>
    </Filter>
    <Filter Include="Asset\Shader\Shader">
      <UniqueIdentifier>{5bfebd96-5fd9-4e2f-83aa-ead3b6c577ea}</UniqueIdentifier>
    </Filter>
    <Filter Include="Asset\Shader\Shader\Color2D">
      <UniqueIdentifier>{1e3d8110-4197-4683-b767-a61a8be4132c}</UniqueIdentifier>
    </Filter>
    <Filter Include="Asset\Shader\ConstantBuffer">
      <UniqueIdentifier>{f6930ead-b461-4e71-84c0-2f51bd7b5dea}</UniqueIdentifier>
    </Filter>
    <Filter Include="Asset\Shader\ConstantBuffer\Transform">
      <UniqueIdentifier>{a08a9d44-ce1c-408b-b8b5-eb48f05200c1}</UniqueIdentifier>
    </Filter>
    <Filter Include="Object">
      <UniqueIdentifier>{36ed9081-fa1b-485a-b90b-fd5c9101e9f0}</UniqueIdentifier>
    </Filter>
    <Filter Include="Compnent">
      <UniqueIdentifier>{fda44d5f-4d14-40f9-a920-1a790e325c70}</UniqueIdentifier>
    </Filter>
    <Filter Include="Compnent\SceneComponent">
      <UniqueIdentifier>{ba2fb882-6ea1-43f7-8f3b-9875ffc5948f}</UniqueIdentifier>
    </Filter>
    <Filter Include="Compnent\ObjectComponent">
      <UniqueIdentifier>{56fa3312-7f34-4076-9867-5cdf5e841615}</UniqueIdentifier>
    </Filter>
    <Filter Include="Compnent\SceneComponent\Mesh">
      <UniqueIdentifier>{c88daf8f-ea83-419e-98a1-9d0f8385bd80}</UniqueIdentifier>
    </Filter>
    <Filter Include="Compnent\SceneComponent\Camera">
      <UniqueIdentifier>{bd17ee18-44a4-4b8f-8fcd-e81a2a511f09}</UniqueIdentifier>
    </Filter>
    <Filter Include="World\Camera">
      <UniqueIdentifier>{5ee2aecf-e7c8-409d-8782-67afb4f8552e}</UniqueIdentifier>
    </Filter>
    <Filter Include="Asset\Shader\Shader\MaterialColor2D">
      <UniqueIdentifier>{57ff1359-7aa3-402c-913e-ef07a8607380}</UniqueIdentifier>
    </Filter>
    <Filter Include="Asset\Shader\ConstantBuffer\Material">
      <UniqueIdentifier>{777153e1-d6d4-454b-8830-80f653417de5}</UniqueIdentifier>
    </Filter>
    <Filter Include="Asset\Material">
      <UniqueIdentifier>{eec91386-d948-4621-8b82-099bfb8f3302}</UniqueIdentifier>
    </Filter>
    <Filter Include="Asset\Texture">
      <UniqueIdentifier>{02ff4afd-224a-4bf5-a08e-62ca3ea610fa}</UniqueIdentifier>
    </Filter>
    <Filter Include="Asset\Shader\Shader\Texture2D">
      <UniqueIdentifier>{8d0db9ba-4af4-4db4-87ee-498a6859b7f1}</UniqueIdentifier>
    </Filter>
    <Filter Include="Render">
      <UniqueIdentifier>{2036aabf-f1ec-4eae-8b1c-90ec013319bf}</UniqueIdentifier>
    </Filter>
    <Filter Include="Render\RenderState">
      <UniqueIdentifier>{f5509b8b-c50c-48e5-8bfb-fcb79f389275}</UniqueIdentifier>
    </Filter>
    <Filter Include="Compnent\ObjectComponent\Animation2D">
      <UniqueIdentifier>{a1ffb431-da52-4156-870e-0c45c971b87c}</UniqueIdentifier>
    </Filter>
    <Filter Include="Asset\Animation2D">
      <UniqueIdentifier>{003e7991-0fb2-4ab6-8c72-cff96049f818}</UniqueIdentifier>
    </Filter>
    <Filter Include="Asset\Shader\ConstantBuffer\Animation2D">
      <UniqueIdentifier>{7a94a71d-3782-4f92-bf74-a65dfca74f53}</UniqueIdentifier>
    </Filter>
    <Filter Include="World\Asset">
      <UniqueIdentifier>{f64755df-19bc-478a-892b-27acd9967ad3}</UniqueIdentifier>
    </Filter>
    <Filter Include="World\Input">
      <UniqueIdentifier>{64e4baf6-212d-47dc-80aa-781720957c33}</UniqueIdentifier>
    </Filter>
  </ItemGroup>
  <ItemGroup>
    <None Include="Copy.bat">
      <Filter>소스 파일</Filter>
    </None>
    <None Include="ClassDiagram.cd" />
    <None Include="..\Core\Bin\EngineAsset\Shader\Share.hlsli">
      <Filter>Asset\Shader\HLSL</Filter>
    </None>
    <None Include="Asset\Texture\DirectXTex.inl">
      <Filter>Asset\Texture</Filter>
    </None>
  </ItemGroup>
  <ItemGroup>
    <ClInclude Include="resource.h">
      <Filter>헤더 파일</Filter>
    </ClInclude>
    <ClInclude Include="EngineInfo.h">
      <Filter>헤더 파일</Filter>
    </ClInclude>
    <ClInclude Include="CEngine.h">
      <Filter>Core</Filter>
    </ClInclude>
    <ClInclude Include="World\CWorld.h">
      <Filter>World</Filter>
    </ClInclude>
    <ClInclude Include="World\CWorldManager.h">
      <Filter>World</Filter>
    </ClInclude>
    <ClInclude Include="Asset\CAssetManager.h">
      <Filter>Asset</Filter>
    </ClInclude>
    <ClInclude Include="CObject.h">
      <Filter>Core\Object</Filter>
    </ClInclude>
    <ClInclude Include="Asset\Mesh\CMeshManager.h">
      <Filter>Asset\Mesh</Filter>
    </ClInclude>
    <ClInclude Include="Asset\Mesh\CMesh.h">
      <Filter>Asset\Mesh</Filter>
    </ClInclude>
    <ClInclude Include="EngineMath.h">
      <Filter>헤더 파일</Filter>
    </ClInclude>
    <ClInclude Include="FVector3.h">
      <Filter>Math</Filter>
    </ClInclude>
    <ClInclude Include="FVector2.h">
      <Filter>Math</Filter>
    </ClInclude>
    <ClInclude Include="FVector4.h">
      <Filter>Math</Filter>
    </ClInclude>
    <ClInclude Include="FMatrix.h">
      <Filter>Math</Filter>
    </ClInclude>
    <ClInclude Include="CTimer.h">
      <Filter>Core\Timer</Filter>
    </ClInclude>
    <ClInclude Include="CDevice.h">
      <Filter>Core\Device</Filter>
    </ClInclude>
    <ClInclude Include="Asset\Shader\CShader.h">
      <Filter>Asset\Shader\Shader</Filter>
    </ClInclude>
    <ClInclude Include="Asset\Shader\CShaderManager.h">
      <Filter>Asset\Shader\Shader</Filter>
    </ClInclude>
    <ClInclude Include="Asset\Shader\CGraphicShader.h">
      <Filter>Asset\Shader\Shader</Filter>
    </ClInclude>
    <ClInclude Include="Asset\Shader\CComputeShader.h">
      <Filter>Asset\Shader\Shader</Filter>
    </ClInclude>
    <ClInclude Include="Asset\CPathManager.h">
      <Filter>Asset</Filter>
    </ClInclude>
    <ClInclude Include="Asset\Shader\CShaderColor2D.h">
      <Filter>Asset\Shader\Shader\Color2D</Filter>
    </ClInclude>
    <ClInclude Include="Asset\Shader\CBufferContainer.h">
      <Filter>Asset\Shader\ConstantBuffer</Filter>
    </ClInclude>
    <ClInclude Include="Asset\Shader\CCBufferTransform.h">
      <Filter>Asset\Shader\ConstantBuffer</Filter>
    </ClInclude>
    <ClInclude Include="Asset\Shader\CConstantBuffer.h">
      <Filter>Asset\Shader\ConstantBuffer\Transform</Filter>
    </ClInclude>
    <ClInclude Include="Object\CGameObject.h">
      <Filter>Object</Filter>
    </ClInclude>
    <ClInclude Include="Component\CComponent.h">
      <Filter>Compnent</Filter>
    </ClInclude>
    <ClInclude Include="Asset\Shader\CConstantBufferData.h">
      <Filter>Asset\Shader\ConstantBuffer</Filter>
    </ClInclude>
    <ClInclude Include="World\CCameraManager.h">
      <Filter>World\Camera</Filter>
    </ClInclude>
    <ClInclude Include="Component\CCameraComponent.h">
      <Filter>Compnent\SceneComponent\Camera</Filter>
    </ClInclude>
    <ClInclude Include="Component\CSceneComponent.h">
      <Filter>Compnent\SceneComponent\Mesh</Filter>
    </ClInclude>
    <ClInclude Include="Component\CMeshComponent.h">
      <Filter>Compnent\SceneComponent\Mesh</Filter>
    </ClInclude>
    <ClInclude Include="Asset\Shader\CShaderMaterialColor2D.h">
      <Filter>Asset\Shader\Shader\MaterialColor2D</Filter>
    </ClInclude>
    <ClInclude Include="Component\CObjectComponent.h">
      <Filter>Compnent\ObjectComponent</Filter>
    </ClInclude>
    <ClInclude Include="Asset\Shader\CCBufferMaterial.h">
      <Filter>Asset\Shader\ConstantBuffer\Material</Filter>
    </ClInclude>
    <ClInclude Include="Asset\Material\CMaterial.h">
      <Filter>Asset\Material</Filter>
    </ClInclude>
    <ClInclude Include="Asset\Material\CMaterialManager.h">
      <Filter>Asset\Material</Filter>
    </ClInclude>
    <ClInclude Include="Asset\Texture\CTexture.h">
      <Filter>Asset\Texture</Filter>
    </ClInclude>
    <ClInclude Include="Asset\Texture\CTextureManager.h">
      <Filter>Asset\Texture</Filter>
    </ClInclude>
    <ClInclude Include="Asset\Texture\DirectXTex.h">
      <Filter>Asset\Texture</Filter>
    </ClInclude>
    <ClInclude Include="Asset\Shader\CShaderTexture2D.h">
      <Filter>Asset\Shader\Shader\Texture2D</Filter>
    </ClInclude>
    <ClInclude Include="Render\CRenderManager.h">
      <Filter>Render</Filter>
    </ClInclude>
    <ClInclude Include="Render\CRenderState.h">
      <Filter>Render\RenderState</Filter>
    </ClInclude>
    <ClInclude Include="Render\CBlendState.h">
      <Filter>Render\RenderState</Filter>
    </ClInclude>
    <ClInclude Include="Component\CAnimation2DSequence.h">
      <Filter>Compnent\ObjectComponent\Animation2D</Filter>
    </ClInclude>
    <ClInclude Include="Render\CDepthStencilState.h">
      <Filter>Render\RenderState</Filter>
    </ClInclude>
    <ClInclude Include="Component\CAnimation2DComponent.h">
      <Filter>Compnent\ObjectComponent\Animation2D</Filter>
    </ClInclude>
    <ClInclude Include="Asset\Animation2D\CAnimation2D.h">
      <Filter>Asset\Animation2D</Filter>
    </ClInclude>
    <ClInclude Include="Asset\Animation2D\CAnimation2DManager.h">
      <Filter>Asset\Animation2D</Filter>
    </ClInclude>
    <ClInclude Include="Asset\Shader\CCBufferAnimation2D.h">
      <Filter>Asset\Shader\ConstantBuffer\Animation2D</Filter>
    </ClInclude>
    <ClInclude Include="Asset\CAsset.h">
      <Filter>Asset</Filter>
    </ClInclude>
    <ClInclude Include="World\CWorldAssetManager.h">
      <Filter>World\Asset</Filter>
    </ClInclude>
    <ClInclude Include="World\CInput.h">
      <Filter>World\Input</Filter>
    </ClInclude>
  </ItemGroup>
  <ItemGroup>
    <ResourceCompile Include="Engine.rc">
      <Filter>리소스 파일</Filter>
    </ResourceCompile>
  </ItemGroup>
  <ItemGroup>
    <Image Include="icon1.ico">
      <Filter>리소스 파일</Filter>
    </Image>
  </ItemGroup>
  <ItemGroup>
    <ClCompile Include="CEngine.cpp">
      <Filter>Core</Filter>
    </ClCompile>
    <ClCompile Include="World\CWorld.cpp">
      <Filter>World</Filter>
    </ClCompile>
    <ClCompile Include="World\CWorldManager.cpp">
      <Filter>World</Filter>
    </ClCompile>
    <ClCompile Include="Asset\CAssetManager.cpp">
      <Filter>Asset</Filter>
    </ClCompile>
    <ClCompile Include="Asset\Mesh\CMeshManager.cpp">
      <Filter>Asset\Mesh</Filter>
    </ClCompile>
    <ClCompile Include="CObject.cpp">
      <Filter>Core\Object</Filter>
    </ClCompile>
    <ClCompile Include="Asset\Mesh\CMesh.cpp">
      <Filter>Asset\Mesh</Filter>
    </ClCompile>
    <ClCompile Include="FVector3.cpp">
      <Filter>Math</Filter>
    </ClCompile>
    <ClCompile Include="FVector4.cpp">
      <Filter>Math</Filter>
    </ClCompile>
    <ClCompile Include="CTimer.cpp">
      <Filter>Core\Timer</Filter>
    </ClCompile>
    <ClCompile Include="CDevice.cpp">
      <Filter>Core\Device</Filter>
    </ClCompile>
    <ClCompile Include="Asset\Shader\CShader.cpp">
      <Filter>Asset\Shader\Shader</Filter>
    </ClCompile>
    <ClCompile Include="Asset\Shader\CShaderManager.cpp">
      <Filter>Asset\Shader\Shader</Filter>
    </ClCompile>
    <ClCompile Include="Asset\Shader\CGraphicShader.cpp">
      <Filter>Asset\Shader\Shader</Filter>
    </ClCompile>
    <ClCompile Include="Asset\Shader\CComputeShader.cpp">
      <Filter>Asset\Shader\Shader</Filter>
    </ClCompile>
    <ClCompile Include="Asset\CPathManager.cpp">
      <Filter>Asset</Filter>
    </ClCompile>
    <ClCompile Include="Asset\Shader\CShaderColor2D.cpp">
      <Filter>Asset\Shader\Shader\Color2D</Filter>
    </ClCompile>
    <ClCompile Include="Asset\Shader\CCBufferTransform.cpp">
      <Filter>Asset\Shader\ConstantBuffer</Filter>
    </ClCompile>
    <ClCompile Include="Asset\Shader\CConstantBuffer.cpp">
      <Filter>Asset\Shader\ConstantBuffer\Transform</Filter>
    </ClCompile>
    <ClCompile Include="Object\CGameObject.cpp">
      <Filter>Object</Filter>
    </ClCompile>
    <ClCompile Include="Component\CComponent.cpp">
      <Filter>Compnent</Filter>
    </ClCompile>
    <ClCompile Include="Component\CSceneComponent.cpp">
      <Filter>Compnent\SceneComponent\Mesh</Filter>
    </ClCompile>
    <ClCompile Include="Component\CMeshComponent.cpp">
      <Filter>Compnent\SceneComponent\Mesh</Filter>
    </ClCompile>
    <ClCompile Include="Asset\Shader\CConstantBufferData.cpp">
      <Filter>Asset\Shader\ConstantBuffer</Filter>
    </ClCompile>
    <ClCompile Include="World\CCameraManager.cpp">
      <Filter>World\Camera</Filter>
    </ClCompile>
    <ClCompile Include="Component\CCameraComponent.cpp">
      <Filter>Compnent\SceneComponent\Camera</Filter>
    </ClCompile>
    <ClCompile Include="FMatrix.cpp">
      <Filter>Math</Filter>
    </ClCompile>
    <ClCompile Include="Asset\Shader\CShaderMaterialColor2D.cpp">
      <Filter>Asset\Shader\Shader\MaterialColor2D</Filter>
    </ClCompile>
    <ClCompile Include="Component\CObjectComponent.cpp">
      <Filter>Compnent\ObjectComponent</Filter>
    </ClCompile>
    <ClCompile Include="Asset\Shader\CCBufferMaterial.cpp">
      <Filter>Asset\Shader\ConstantBuffer\Material</Filter>
    </ClCompile>
    <ClCompile Include="Asset\Material\CMaterial.cpp">
      <Filter>Asset\Material</Filter>
    </ClCompile>
    <ClCompile Include="Asset\Material\CMaterialManager.cpp">
      <Filter>Asset\Material</Filter>
    </ClCompile>
    <ClCompile Include="Asset\Texture\CTexture.cpp">
      <Filter>Asset\Texture</Filter>
    </ClCompile>
    <ClCompile Include="Asset\Texture\CTextureManager.cpp">
      <Filter>Asset\Texture</Filter>
    </ClCompile>
    <ClCompile Include="Asset\Shader\CShaderTexture2D.cpp">
      <Filter>Asset\Shader\Shader\Texture2D</Filter>
    </ClCompile>
    <ClCompile Include="Render\CRenderManager.cpp">
      <Filter>Render</Filter>
    </ClCompile>
    <ClCompile Include="Render\CRenderState.cpp">
      <Filter>Render\RenderState</Filter>
    </ClCompile>
    <ClCompile Include="Render\CBlendState.cpp">
      <Filter>Render\RenderState</Filter>
    </ClCompile>
    <ClCompile Include="Component\CAnimation2DSequence.cpp">
      <Filter>Compnent\ObjectComponent\Animation2D</Filter>
    </ClCompile>
    <ClCompile Include="Render\CDepthStencilState.cpp">
      <Filter>Render\RenderState</Filter>
    </ClCompile>
    <ClCompile Include="Component\CAnimation2DComponent.cpp">
      <Filter>Compnent\ObjectComponent\Animation2D</Filter>
    </ClCompile>
    <ClCompile Include="Asset\Animation2D\CAnimation2D.cpp">
      <Filter>Asset\Animation2D</Filter>
    </ClCompile>
    <ClCompile Include="Asset\Animation2D\CAnimation2DManager.cpp">
      <Filter>Asset\Animation2D</Filter>
    </ClCompile>
    <ClCompile Include="Asset\Shader\CCBufferAnimation2D.cpp">
      <Filter>Asset\Shader\ConstantBuffer\Animation2D</Filter>
    </ClCompile>
    <ClCompile Include="Asset\CAsset.cpp">
      <Filter>Asset</Filter>
    </ClCompile>
    <ClCompile Include="World\CWorldAssetManager.cpp">
      <Filter>World\Asset</Filter>
    </ClCompile>
    <ClCompile Include="World\CInput.cpp">
      <Filter>World\Input</Filter>
    </ClCompile>
  </ItemGroup>
  <ItemGroup>
    <Text Include="Asset\Shader\SpaceTransformation.txt">
      <Filter>소스 파일</Filter>
    </Text>
  </ItemGroup>
  <ItemGroup>
    <FxCompile Include="..\Core\Bin\EngineAsset\Shader\GlobalShader2D.hlsl">
      <Filter>Asset\Shader\HLSL</Filter>
    </FxCompile>
  </ItemGroup>
</Project>