<?xml version="1.0" encoding="utf-8"?>
<Project ToolsVersion="4.0" xmlns="http://schemas.microsoft.com/developer/msbuild/2003">
  <ItemGroup>
    <Filter Include="소스 파일">
      <UniqueIdentifier>{4FC737F1-C7A5-4376-A066-2A32D752A2FF}</UniqueIdentifier>
      <Extensions>cpp;c;cc;cxx;c++;cppm;ixx;def;odl;idl;hpj;bat;asm;asmx</Extensions>
    </Filter>
    <Filter Include="헤더 파일">
      <UniqueIdentifier>{93995380-89BD-4b04-88EB-625FBE52EBFB}</UniqueIdentifier>
      <Extensions>h;hh;hpp;hxx;h++;hm;inl;inc;ipp;xsd</Extensions>
    </Filter>
    <Filter Include="리소스 파일">
      <UniqueIdentifier>{67DA6AB6-F800-4c08-8B7A-83BB121AAD01}</UniqueIdentifier>
      <Extensions>rc;ico;cur;bmp;dlg;rc2;rct;bin;rgs;gif;jpg;jpeg;jpe;resx;tiff;tif;png;wav;mfcribbon-ms</Extensions>
    </Filter>
    <Filter Include="Core">
      <UniqueIdentifier>{6480c380-25a8-4497-8774-7996ccc04e9d}</UniqueIdentifier>
    </Filter>
    <Filter Include="Core\Object">
      <UniqueIdentifier>{43363bad-d05d-4c18-a04e-fc18919324f2}</UniqueIdentifier>
    </Filter>
    <Filter Include="World">
      <UniqueIdentifier>{c83c9741-84e1-4148-a483-ab3decd893c8}</UniqueIdentifier>
    </Filter>
    <Filter Include="Asset">
      <UniqueIdentifier>{9301b53a-d4e3-4b5f-ac13-520988bef5ad}</UniqueIdentifier>
    </Filter>
    <Filter Include="Asset\Mesh">
      <UniqueIdentifier>{52a7d00c-dcc1-45de-8490-45640409bef4}</UniqueIdentifier>
    </Filter>
    <Filter Include="Math">
      <UniqueIdentifier>{2fc911d5-15f2-4077-a929-dc32310fe604}</UniqueIdentifier>
    </Filter>
    <Filter Include="Core\Timer">
      <UniqueIdentifier>{fd80a7e3-1b70-4d27-b6bd-f17f6322f2f9}</UniqueIdentifier>
    </Filter>
    <Filter Include="Core\Device">
      <UniqueIdentifier>{ce660eb7-03f4-4a87-8d5e-2b4c2a22c4a8}</UniqueIdentifier>
    </Filter>
    <Filter Include="Asset\Shader">
      <UniqueIdentifier>{4a18de9f-41bf-44f3-8040-baa7992f6ceb}</UniqueIdentifier>
    </Filter>
    <Filter Include="Asset\Shader\HLSL">
      <UniqueIdentifier>{c8a47421-f87f-457b-a4a6-4e434c6d2745}</UniqueIdentifier>
    </Filter>
    <Filter Include="Asset\Shader\Shader">
      <UniqueIdentifier>{5bfebd96-5fd9-4e2f-83aa-ead3b6c577ea}</UniqueIdentifier>
    </Filter>
    <Filter Include="Asset\Shader\Shader\Color2D">
      <UniqueIdentifier>{1e3d8110-4197-4683-b767-a61a8be4132c}</UniqueIdentifier>
    </Filter>
    <Filter Include="Asset\Shader\ConstantBuffer">
      <UniqueIdentifier>{f6930ead-b461-4e71-84c0-2f51bd7b5dea}</UniqueIdentifier>
    </Filter>
    <Filter Include="Asset\Shader\ConstantBuffer\Transform">
      <UniqueIdentifier>{a08a9d44-ce1c-408b-b8b5-eb48f05200c1}</UniqueIdentifier>
    </Filter>
    <Filter Include="Object">
      <UniqueIdentifier>{36ed9081-fa1b-485a-b90b-fd5c9101e9f0}</UniqueIdentifier>
    </Filter>
    <Filter Include="Compnent">
      <UniqueIdentifier>{fda44d5f-4d14-40f9-a920-1a790e325c70}</UniqueIdentifier>
    </Filter>
    <Filter Include="Compnent\SceneComponent">
      <UniqueIdentifier>{ba2fb882-6ea1-43f7-8f3b-9875ffc5948f}</UniqueIdentifier>
    </Filter>
    <Filter Include="Compnent\ObjectComponent">
      <UniqueIdentifier>{56fa3312-7f34-4076-9867-5cdf5e841615}</UniqueIdentifier>
    </Filter>
    <Filter Include="Compnent\SceneComponent\Mesh">
      <UniqueIdentifier>{c88daf8f-ea83-419e-98a1-9d0f8385bd80}</UniqueIdentifier>
    </Filter>
    <Filter Include="Compnent\SceneComponent\Camera">
      <UniqueIdentifier>{bd17ee18-44a4-4b8f-8fcd-e81a2a511f09}</UniqueIdentifier>
    </Filter>
    <Filter Include="World\Camera">
      <UniqueIdentifier>{5ee2aecf-e7c8-409d-8782-67afb4f8552e}</UniqueIdentifier>
    </Filter>
    <Filter Include="Asset\Shader\Shader\MaterialColor2D">
      <UniqueIdentifier>{57ff1359-7aa3-402c-913e-ef07a8607380}</UniqueIdentifier>
    </Filter>
    <Filter Include="Asset\Shader\ConstantBuffer\Material">
      <UniqueIdentifier>{777153e1-d6d4-454b-8830-80f653417de5}</UniqueIdentifier>
    </Filter>
    <Filter Include="Asset\Material">
      <UniqueIdentifier>{eec91386-d948-4621-8b82-099bfb8f3302}</UniqueIdentifier>
    </Filter>
    <Filter Include="Asset\Texture">
      <UniqueIdentifier>{02ff4afd-224a-4bf5-a08e-62ca3ea610fa}</UniqueIdentifier>
    </Filter>
    <Filter Include="Asset\Shader\Shader\Texture2D">
      <UniqueIdentifier>{8d0db9ba-4af4-4db4-87ee-498a6859b7f1}</UniqueIdentifier>
    </Filter>
    <Filter Include="Render">
      <UniqueIdentifier>{2036aabf-f1ec-4eae-8b1c-90ec013319bf}</UniqueIdentifier>
    </Filter>
    <Filter Include="Render\RenderState">
      <UniqueIdentifier>{f5509b8b-c50c-48e5-8bfb-fcb79f389275}</UniqueIdentifier>
    </Filter>
    <Filter Include="Compnent\ObjectComponent\Animation2D">
      <UniqueIdentifier>{a1ffb431-da52-4156-870e-0c45c971b87c}</UniqueIdentifier>
    </Filter>
    <Filter Include="Asset\Animation2D">
      <UniqueIdentifier>{003e7991-0fb2-4ab6-8c72-cff96049f818}</UniqueIdentifier>
    </Filter>
    <Filter Include="Asset\Shader\ConstantBuffer\Animation2D">
      <UniqueIdentifier>{7a94a71d-3782-4f92-bf74-a65dfca74f53}</UniqueIdentifier>
    </Filter>
    <Filter Include="World\Asset">
      <UniqueIdentifier>{f64755df-19bc-478a-892b-27acd9967ad3}</UniqueIdentifier>
    </Filter>
    <Filter Include="World\Input">
      <UniqueIdentifier>{64e4baf6-212d-47dc-80aa-781720957c33}</UniqueIdentifier>
    </Filter>
    <Filter Include="Compnent\ObjectComponent\Movement">
      <UniqueIdentifier>{c0f7170d-a63e-4624-8055-918900069b26}</UniqueIdentifier>
    </Filter>
    <Filter Include="Asset\Shader\ConstantBuffer\Collider">
      <UniqueIdentifier>{6a27589c-5e1d-4160-9bf0-6485ee207836}</UniqueIdentifier>
    </Filter>
    <Filter Include="Compnent\SceneComponent\Collider">
      <UniqueIdentifier>{8d1be71a-c31a-44a4-9467-59e48dccd270}</UniqueIdentifier>
    </Filter>
    <Filter Include="Compnent\SceneComponent\Collider\2D">
      <UniqueIdentifier>{de3bbcef-a0fa-4099-91b2-a56c77267c56}</UniqueIdentifier>
    </Filter>
    <Filter Include="Asset\Shader\Shader\Collider">
      <UniqueIdentifier>{08bcaf7c-a80b-4f66-b0a8-1d48060caa8c}</UniqueIdentifier>
    </Filter>
    <Filter Include="World\Collision">
      <UniqueIdentifier>{3fd52098-f844-4f67-ad1d-c14c29360569}</UniqueIdentifier>
    </Filter>
    <Filter Include="Collision">
      <UniqueIdentifier>{47400b9e-8652-4d85-8f09-ab922fdc5e8f}</UniqueIdentifier>
    </Filter>
    <Filter Include="Core\Setting">
      <UniqueIdentifier>{8f3fb4a7-0ceb-4665-b67f-11a41542e087}</UniqueIdentifier>
    </Filter>
    <Filter Include="Compnent\SceneComponent\Collider\3D">
      <UniqueIdentifier>{2fd3b142-3409-4f5c-b320-e1b04233d630}</UniqueIdentifier>
    </Filter>
    <Filter Include="Table">
      <UniqueIdentifier>{89a2b37a-bd07-4a50-9588-80d11b1cf1f2}</UniqueIdentifier>
    </Filter>
    <Filter Include="World\UI">
      <UniqueIdentifier>{8ee21908-ce29-4969-b8d2-19ccc3959038}</UniqueIdentifier>
    </Filter>
    <Filter Include="UI">
      <UniqueIdentifier>{f05c293c-6eaf-4c2d-b079-350420870439}</UniqueIdentifier>
    </Filter>
    <Filter Include="UI\Widget">
      <UniqueIdentifier>{032e9bdb-98ec-4dec-9077-5b2ef47b0c00}</UniqueIdentifier>
    </Filter>
    <Filter Include="Asset\Shader\Shader\UI">
      <UniqueIdentifier>{59653ec6-3204-41d7-818a-712c0ccc1243}</UniqueIdentifier>
    </Filter>
    <Filter Include="Asset\Shader\ConstantBuffer\UI">
      <UniqueIdentifier>{4e411220-26c1-43c2-8283-55bca1b1ecc6}</UniqueIdentifier>
    </Filter>
    <Filter Include="Asset\Sound">
      <UniqueIdentifier>{83489858-b671-4194-b195-0a1159b7059e}</UniqueIdentifier>
    </Filter>
    <Filter Include="Asset\Sound\Lib">
      <UniqueIdentifier>{619b9f87-cfe5-48c7-b181-d0f65dd16199}</UniqueIdentifier>
    </Filter>
    <Filter Include="Asset\Font">
      <UniqueIdentifier>{d53b2433-cf57-4069-93af-42f529d6125a}</UniqueIdentifier>
    </Filter>
    <Filter Include="Compnent\SceneComponent\Widget">
      <UniqueIdentifier>{3cbc2150-57b7-4afb-b1fb-31f6dcf9d73e}</UniqueIdentifier>
    </Filter>
    <Filter Include="Core\Thread">
      <UniqueIdentifier>{de4d9981-bcf1-411f-8663-4a1380f00bf0}</UniqueIdentifier>
    </Filter>
    <Filter Include="Asset\Shader\Shader\NullBuffer">
      <UniqueIdentifier>{e33561d8-7611-413a-ad13-c62ebf1e8cd5}</UniqueIdentifier>
    </Filter>
    <Filter Include="Render\PostProcess">
      <UniqueIdentifier>{1e3797d3-4fcf-4a3a-a4d3-da02e34ae9d3}</UniqueIdentifier>
    </Filter>
    <Filter Include="Compnent\SceneComponent\TileMap">
      <UniqueIdentifier>{35b1a835-8c18-477f-86ac-b4015996bce1}</UniqueIdentifier>
    </Filter>
    <Filter Include="Compnent\ObjectComponent\TileMap">
      <UniqueIdentifier>{5a54fb4b-d289-4d84-a41f-37cb9eef81a5}</UniqueIdentifier>
    </Filter>
    <Filter Include="World\Editor">
      <UniqueIdentifier>{7724d190-44dc-4f30-87ac-041cf9ed2059}</UniqueIdentifier>
    </Filter>
    <Filter Include="Render\PostProcess\Blur">
      <UniqueIdentifier>{207168f3-02e3-41ed-af4a-399397c74d17}</UniqueIdentifier>
    </Filter>
    <Filter Include="Asset\Shader\Shader\Blur">
      <UniqueIdentifier>{8ec498fb-e63b-4527-a192-61736921073b}</UniqueIdentifier>
    </Filter>
    <Filter Include="Asset\Shader\Shader\TileMap">
      <UniqueIdentifier>{26355f8c-3060-4b4f-8484-944aee293a98}</UniqueIdentifier>
    </Filter>
    <Filter Include="Asset\Shader\ConstantBuffer\TileMap">
      <UniqueIdentifier>{6748ef54-7655-4cf2-ac85-6017b5cfd750}</UniqueIdentifier>
    </Filter>
    <Filter Include="Asset\Shader\ConstantBuffer\Blur">
      <UniqueIdentifier>{1ac6c0a9-689a-4588-894f-850112b8855e}</UniqueIdentifier>
    </Filter>
  </ItemGroup>
  <ItemGroup>
    <None Include="Copy.bat">
      <Filter>소스 파일</Filter>
    </None>
    <None Include="ClassDiagram.cd" />
    <None Include="..\Core\Bin\EngineAsset\Shader\Share.hlsli">
      <Filter>Asset\Shader\HLSL</Filter>
    </None>
    <None Include="Asset\Texture\DirectXTex.inl">
      <Filter>Asset\Texture</Filter>
    </None>
    <None Include="Asset\Sound\fmod.cs">
      <Filter>Asset\Sound\Lib</Filter>
    </None>
    <None Include="Asset\Sound\fmod_dsp.cs">
      <Filter>Asset\Sound\Lib</Filter>
    </None>
    <None Include="Asset\Sound\fmod_errors.cs">
      <Filter>Asset\Sound\Lib</Filter>
    </None>
  </ItemGroup>
  <ItemGroup>
    <ClInclude Include="EngineInfo.h">
      <Filter>헤더 파일</Filter>
    </ClInclude>
    <ClInclude Include="CEngine.h">
      <Filter>Core</Filter>
    </ClInclude>
    <ClInclude Include="World\CWorld.h">
      <Filter>World</Filter>
    </ClInclude>
    <ClInclude Include="World\CWorldManager.h">
      <Filter>World</Filter>
    </ClInclude>
    <ClInclude Include="Asset\CAssetManager.h">
      <Filter>Asset</Filter>
    </ClInclude>
    <ClInclude Include="CObject.h">
      <Filter>Core\Object</Filter>
    </ClInclude>
    <ClInclude Include="Asset\Mesh\CMeshManager.h">
      <Filter>Asset\Mesh</Filter>
    </ClInclude>
    <ClInclude Include="Asset\Mesh\CMesh.h">
      <Filter>Asset\Mesh</Filter>
    </ClInclude>
    <ClInclude Include="EngineMath.h">
      <Filter>헤더 파일</Filter>
    </ClInclude>
    <ClInclude Include="FVector3.h">
      <Filter>Math</Filter>
    </ClInclude>
    <ClInclude Include="FVector2.h">
      <Filter>Math</Filter>
    </ClInclude>
    <ClInclude Include="FVector4.h">
      <Filter>Math</Filter>
    </ClInclude>
    <ClInclude Include="FMatrix.h">
      <Filter>Math</Filter>
    </ClInclude>
    <ClInclude Include="CTimer.h">
      <Filter>Core\Timer</Filter>
    </ClInclude>
    <ClInclude Include="CDevice.h">
      <Filter>Core\Device</Filter>
    </ClInclude>
    <ClInclude Include="Asset\Shader\CShader.h">
      <Filter>Asset\Shader\Shader</Filter>
    </ClInclude>
    <ClInclude Include="Asset\Shader\CShaderManager.h">
      <Filter>Asset\Shader\Shader</Filter>
    </ClInclude>
    <ClInclude Include="Asset\Shader\CGraphicShader.h">
      <Filter>Asset\Shader\Shader</Filter>
    </ClInclude>
    <ClInclude Include="Asset\Shader\CComputeShader.h">
      <Filter>Asset\Shader\Shader</Filter>
    </ClInclude>
    <ClInclude Include="Asset\CPathManager.h">
      <Filter>Asset</Filter>
    </ClInclude>
    <ClInclude Include="Asset\Shader\CShaderColor2D.h">
      <Filter>Asset\Shader\Shader\Color2D</Filter>
    </ClInclude>
    <ClInclude Include="Asset\Shader\CBufferContainer.h">
      <Filter>Asset\Shader\ConstantBuffer</Filter>
    </ClInclude>
    <ClInclude Include="Asset\Shader\CCBufferTransform.h">
      <Filter>Asset\Shader\ConstantBuffer</Filter>
    </ClInclude>
    <ClInclude Include="Asset\Shader\CConstantBuffer.h">
      <Filter>Asset\Shader\ConstantBuffer\Transform</Filter>
    </ClInclude>
    <ClInclude Include="Object\CGameObject.h">
      <Filter>Object</Filter>
    </ClInclude>
    <ClInclude Include="Component\CComponent.h">
      <Filter>Compnent</Filter>
    </ClInclude>
    <ClInclude Include="Asset\Shader\CConstantBufferData.h">
      <Filter>Asset\Shader\ConstantBuffer</Filter>
    </ClInclude>
    <ClInclude Include="World\CCameraManager.h">
      <Filter>World\Camera</Filter>
    </ClInclude>
    <ClInclude Include="Component\CCameraComponent.h">
      <Filter>Compnent\SceneComponent\Camera</Filter>
    </ClInclude>
    <ClInclude Include="Component\CSceneComponent.h">
      <Filter>Compnent\SceneComponent\Mesh</Filter>
    </ClInclude>
    <ClInclude Include="Component\CMeshComponent.h">
      <Filter>Compnent\SceneComponent\Mesh</Filter>
    </ClInclude>
    <ClInclude Include="Asset\Shader\CShaderMaterialColor2D.h">
      <Filter>Asset\Shader\Shader\MaterialColor2D</Filter>
    </ClInclude>
    <ClInclude Include="Component\CObjectComponent.h">
      <Filter>Compnent\ObjectComponent</Filter>
    </ClInclude>
    <ClInclude Include="Asset\Shader\CCBufferMaterial.h">
      <Filter>Asset\Shader\ConstantBuffer\Material</Filter>
    </ClInclude>
    <ClInclude Include="Asset\Material\CMaterial.h">
      <Filter>Asset\Material</Filter>
    </ClInclude>
    <ClInclude Include="Asset\Material\CMaterialManager.h">
      <Filter>Asset\Material</Filter>
    </ClInclude>
    <ClInclude Include="Asset\Texture\CTexture.h">
      <Filter>Asset\Texture</Filter>
    </ClInclude>
    <ClInclude Include="Asset\Texture\CTextureManager.h">
      <Filter>Asset\Texture</Filter>
    </ClInclude>
    <ClInclude Include="Asset\Texture\DirectXTex.h">
      <Filter>Asset\Texture</Filter>
    </ClInclude>
    <ClInclude Include="Asset\Shader\CShaderTexture2D.h">
      <Filter>Asset\Shader\Shader\Texture2D</Filter>
    </ClInclude>
    <ClInclude Include="Render\CRenderManager.h">
      <Filter>Render</Filter>
    </ClInclude>
    <ClInclude Include="Render\CRenderState.h">
      <Filter>Render\RenderState</Filter>
    </ClInclude>
    <ClInclude Include="Render\CBlendState.h">
      <Filter>Render\RenderState</Filter>
    </ClInclude>
    <ClInclude Include="Component\CAnimation2DSequence.h">
      <Filter>Compnent\ObjectComponent\Animation2D</Filter>
    </ClInclude>
    <ClInclude Include="Render\CDepthStencilState.h">
      <Filter>Render\RenderState</Filter>
    </ClInclude>
    <ClInclude Include="Component\CAnimation2DComponent.h">
      <Filter>Compnent\ObjectComponent\Animation2D</Filter>
    </ClInclude>
    <ClInclude Include="Asset\Animation2D\CAnimation2D.h">
      <Filter>Asset\Animation2D</Filter>
    </ClInclude>
    <ClInclude Include="Asset\Animation2D\CAnimation2DManager.h">
      <Filter>Asset\Animation2D</Filter>
    </ClInclude>
    <ClInclude Include="Asset\Shader\CCBufferAnimation2D.h">
      <Filter>Asset\Shader\ConstantBuffer\Animation2D</Filter>
    </ClInclude>
    <ClInclude Include="Asset\CAsset.h">
      <Filter>Asset</Filter>
    </ClInclude>
    <ClInclude Include="World\CWorldAssetManager.h">
      <Filter>World\Asset</Filter>
    </ClInclude>
    <ClInclude Include="World\CInput.h">
      <Filter>World\Input</Filter>
    </ClInclude>
    <ClInclude Include="Component\CMovementComponent.h">
      <Filter>Compnent\ObjectComponent\Movement</Filter>
    </ClInclude>
    <ClInclude Include="Component\CProjectileMovementComponent.h">
      <Filter>Compnent\ObjectComponent\Movement</Filter>
    </ClInclude>
    <ClInclude Include="Component\CObjectMovementComponent.h">
      <Filter>Compnent\ObjectComponent\Movement</Filter>
    </ClInclude>
    <ClInclude Include="Asset\Shader\CCBufferCollider.h">
      <Filter>Asset\Shader\ConstantBuffer\Collider</Filter>
    </ClInclude>
    <ClInclude Include="Component\CCollider.h">
      <Filter>Compnent\SceneComponent\Collider</Filter>
    </ClInclude>
    <ClInclude Include="Component\CColliderBox2D.h">
      <Filter>Compnent\SceneComponent\Collider\2D</Filter>
    </ClInclude>
    <ClInclude Include="World\CWorldCollision.h">
      <Filter>World\Collision</Filter>
    </ClInclude>
    <ClInclude Include="Asset\Shader\CShaderCollider.h">
      <Filter>Asset\Shader\Shader\Collider</Filter>
    </ClInclude>
    <ClInclude Include="CCollisionInfoManager.h">
      <Filter>Collision</Filter>
    </ClInclude>
    <ClInclude Include="Component\CCollision.h">
      <Filter>Compnent\SceneComponent\Collider</Filter>
    </ClInclude>
    <ClInclude Include="CEngineSetting.h">
      <Filter>Core\Setting</Filter>
    </ClInclude>
    <ClInclude Include="Component\CColliderSphere2D.h">
      <Filter>Compnent\SceneComponent\Collider\2D</Filter>
    </ClInclude>
    <ClInclude Include="Component\CColliderLine2D.h">
      <Filter>Compnent\SceneComponent\Collider\2D</Filter>
    </ClInclude>
    <ClInclude Include="Table\TableBase.h">
      <Filter>Table</Filter>
    </ClInclude>
    <ClInclude Include="Table\TableInfoBase.h">
      <Filter>Table</Filter>
    </ClInclude>
    <ClInclude Include="Utils.h">
      <Filter>헤더 파일</Filter>
    </ClInclude>
    <ClInclude Include="World\CCollisionQuadTreeNode.h">
      <Filter>Collision</Filter>
    </ClInclude>
    <ClInclude Include="World\CCollisionQuadTree.h">
      <Filter>Collision</Filter>
    </ClInclude>
    <ClInclude Include="World\CWorldUIManager.h">
      <Filter>World\UI</Filter>
    </ClInclude>
    <ClInclude Include="UI\CWidget.h">
      <Filter>UI</Filter>
    </ClInclude>
    <ClInclude Include="UI\CWidgetContainer.h">
      <Filter>UI\Widget</Filter>
    </ClInclude>
    <ClInclude Include="Asset\Shader\CCBufferUIDefault.h">
      <Filter>Asset\Shader\ConstantBuffer\UI</Filter>
    </ClInclude>
    <ClInclude Include="Asset\Shader\CShaderUIDefault.h">
      <Filter>Asset\Shader\Shader\UI</Filter>
    </ClInclude>
    <ClInclude Include="UI\UIInfo.h">
      <Filter>UI</Filter>
    </ClInclude>
    <ClInclude Include="UI\CButton.h">
      <Filter>UI\Widget</Filter>
    </ClInclude>
    <ClInclude Include="Asset\Sound\fmod.h">
      <Filter>Asset\Sound\Lib</Filter>
    </ClInclude>
    <ClInclude Include="Asset\Sound\fmod.hpp">
      <Filter>Asset\Sound\Lib</Filter>
    </ClInclude>
    <ClInclude Include="Asset\Sound\fmod_codec.h">
      <Filter>Asset\Sound\Lib</Filter>
    </ClInclude>
    <ClInclude Include="Asset\Sound\fmod_common.h">
      <Filter>Asset\Sound\Lib</Filter>
    </ClInclude>
    <ClInclude Include="Asset\Sound\fmod_dsp.h">
      <Filter>Asset\Sound\Lib</Filter>
    </ClInclude>
    <ClInclude Include="Asset\Sound\fmod_dsp_effects.h">
      <Filter>Asset\Sound\Lib</Filter>
    </ClInclude>
    <ClInclude Include="Asset\Sound\fmod_errors.h">
      <Filter>Asset\Sound\Lib</Filter>
    </ClInclude>
    <ClInclude Include="Asset\Sound\fmod_output.h">
      <Filter>Asset\Sound\Lib</Filter>
    </ClInclude>
    <ClInclude Include="Asset\Sound\CSound.h">
      <Filter>Asset\Sound</Filter>
    </ClInclude>
    <ClInclude Include="Asset\Sound\CSoundManager.h">
      <Filter>Asset\Sound</Filter>
    </ClInclude>
    <ClInclude Include="Asset\Font\CFont.h">
      <Filter>Asset\Font</Filter>
    </ClInclude>
    <ClInclude Include="Asset\Font\CFontCollection.h">
      <Filter>Asset\Font</Filter>
    </ClInclude>
    <ClInclude Include="Asset\Font\CFontManager.h">
      <Filter>Asset\Font</Filter>
    </ClInclude>
    <ClInclude Include="UI\CTextBlock.h">
      <Filter>UI\Widget</Filter>
    </ClInclude>
    <ClInclude Include="UI\CImage.h">
      <Filter>UI\Widget</Filter>
    </ClInclude>
    <ClInclude Include="UI\CProgressBar.h">
      <Filter>UI\Widget</Filter>
    </ClInclude>
    <ClInclude Include="UI\CTitleBar.h">
      <Filter>UI\Widget</Filter>
    </ClInclude>
    <ClInclude Include="Component\CWidgetComponent.h">
      <Filter>Compnent\SceneComponent\Widget</Filter>
    </ClInclude>
    <ClInclude Include="UI\CNumberWidget.h">
      <Filter>UI\Widget</Filter>
    </ClInclude>
    <ClInclude Include="UI\CMouseWidget.h">
      <Filter>UI\Widget</Filter>
    </ClInclude>
    <ClInclude Include="Sync.h">
      <Filter>Core\Thread</Filter>
    </ClInclude>
    <ClInclude Include="CThreadBase.h">
      <Filter>Core\Thread</Filter>
    </ClInclude>
    <ClInclude Include="CThreadManager.h">
      <Filter>Core\Thread</Filter>
    </ClInclude>
    <ClInclude Include="CThreadQueue.h">
      <Filter>Core\Thread</Filter>
    </ClInclude>
    <ClInclude Include="Asset\Texture\CRenderTarget.h">
      <Filter>Asset\Texture</Filter>
    </ClInclude>
    <ClInclude Include="Asset\Shader\CShaderNullBuffer.h">
      <Filter>Asset\Shader\Shader\NullBuffer</Filter>
    </ClInclude>
    <ClInclude Include="Component\CTileMapRender.h">
      <Filter>Compnent\SceneComponent\TileMap</Filter>
    </ClInclude>
    <ClInclude Include="Render\CPostProcess.h">
      <Filter>Render\PostProcess</Filter>
    </ClInclude>
    <ClInclude Include="World\CEditorWorld.h">
      <Filter>World\Editor</Filter>
    </ClInclude>
    <ClInclude Include="Render\CPostProcessBlur.h">
      <Filter>Render\PostProcess\Blur</Filter>
    </ClInclude>
    <ClInclude Include="Object\CTileMapObject.h">
      <Filter>Object</Filter>
    </ClInclude>
    <ClInclude Include="Component\CTileMapComponent.h">
      <Filter>Compnent\ObjectComponent\TileMap</Filter>
    </ClInclude>
    <ClInclude Include="Component\CTile.h">
      <Filter>Compnent\ObjectComponent\TileMap</Filter>
    </ClInclude>
    <ClInclude Include="Asset\Shader\CShaderTileMap.h">
      <Filter>Asset\Shader\Shader\TileMap</Filter>
    </ClInclude>
    <ClInclude Include="Asset\Shader\CShaderDefaultTex.h">
      <Filter>Asset\Shader\Shader\TileMap</Filter>
    </ClInclude>
    <ClInclude Include="Asset\Shader\CShaderBlur.h">
      <Filter>Asset\Shader\Shader\Blur</Filter>
    </ClInclude>
    <ClInclude Include="Asset\Shader\CCBufferTileMap.h">
      <Filter>Asset\Shader\ConstantBuffer\TileMap</Filter>
    </ClInclude>
    <ClInclude Include="Asset\Shader\CCBufferBlur.h">
      <Filter>Asset\Shader\ConstantBuffer\Blur</Filter>
    </ClInclude>
  </ItemGroup>
  <ItemGroup>
    <Image Include="icon1.ico">
      <Filter>리소스 파일</Filter>
    </Image>
  </ItemGroup>
  <ItemGroup>
    <ClCompile Include="CEngine.cpp">
      <Filter>Core</Filter>
    </ClCompile>
    <ClCompile Include="World\CWorld.cpp">
      <Filter>World</Filter>
    </ClCompile>
    <ClCompile Include="World\CWorldManager.cpp">
      <Filter>World</Filter>
    </ClCompile>
    <ClCompile Include="Asset\CAssetManager.cpp">
      <Filter>Asset</Filter>
    </ClCompile>
    <ClCompile Include="Asset\Mesh\CMeshManager.cpp">
      <Filter>Asset\Mesh</Filter>
    </ClCompile>
    <ClCompile Include="CObject.cpp">
      <Filter>Core\Object</Filter>
    </ClCompile>
    <ClCompile Include="Asset\Mesh\CMesh.cpp">
      <Filter>Asset\Mesh</Filter>
    </ClCompile>
    <ClCompile Include="FVector3.cpp">
      <Filter>Math</Filter>
    </ClCompile>
    <ClCompile Include="FVector4.cpp">
      <Filter>Math</Filter>
    </ClCompile>
    <ClCompile Include="CTimer.cpp">
      <Filter>Core\Timer</Filter>
    </ClCompile>
    <ClCompile Include="CDevice.cpp">
      <Filter>Core\Device</Filter>
    </ClCompile>
    <ClCompile Include="Asset\Shader\CShader.cpp">
      <Filter>Asset\Shader\Shader</Filter>
    </ClCompile>
    <ClCompile Include="Asset\Shader\CShaderManager.cpp">
      <Filter>Asset\Shader\Shader</Filter>
    </ClCompile>
    <ClCompile Include="Asset\Shader\CGraphicShader.cpp">
      <Filter>Asset\Shader\Shader</Filter>
    </ClCompile>
    <ClCompile Include="Asset\Shader\CComputeShader.cpp">
      <Filter>Asset\Shader\Shader</Filter>
    </ClCompile>
    <ClCompile Include="Asset\CPathManager.cpp">
      <Filter>Asset</Filter>
    </ClCompile>
    <ClCompile Include="Asset\Shader\CShaderColor2D.cpp">
      <Filter>Asset\Shader\Shader\Color2D</Filter>
    </ClCompile>
    <ClCompile Include="Asset\Shader\CCBufferTransform.cpp">
      <Filter>Asset\Shader\ConstantBuffer</Filter>
    </ClCompile>
    <ClCompile Include="Asset\Shader\CConstantBuffer.cpp">
      <Filter>Asset\Shader\ConstantBuffer\Transform</Filter>
    </ClCompile>
    <ClCompile Include="Object\CGameObject.cpp">
      <Filter>Object</Filter>
    </ClCompile>
    <ClCompile Include="Component\CComponent.cpp">
      <Filter>Compnent</Filter>
    </ClCompile>
    <ClCompile Include="Component\CSceneComponent.cpp">
      <Filter>Compnent\SceneComponent\Mesh</Filter>
    </ClCompile>
    <ClCompile Include="Component\CMeshComponent.cpp">
      <Filter>Compnent\SceneComponent\Mesh</Filter>
    </ClCompile>
    <ClCompile Include="Asset\Shader\CConstantBufferData.cpp">
      <Filter>Asset\Shader\ConstantBuffer</Filter>
    </ClCompile>
    <ClCompile Include="World\CCameraManager.cpp">
      <Filter>World\Camera</Filter>
    </ClCompile>
    <ClCompile Include="Component\CCameraComponent.cpp">
      <Filter>Compnent\SceneComponent\Camera</Filter>
    </ClCompile>
    <ClCompile Include="FMatrix.cpp">
      <Filter>Math</Filter>
    </ClCompile>
    <ClCompile Include="Asset\Shader\CShaderMaterialColor2D.cpp">
      <Filter>Asset\Shader\Shader\MaterialColor2D</Filter>
    </ClCompile>
    <ClCompile Include="Component\CObjectComponent.cpp">
      <Filter>Compnent\ObjectComponent</Filter>
    </ClCompile>
    <ClCompile Include="Asset\Shader\CCBufferMaterial.cpp">
      <Filter>Asset\Shader\ConstantBuffer\Material</Filter>
    </ClCompile>
    <ClCompile Include="Asset\Material\CMaterial.cpp">
      <Filter>Asset\Material</Filter>
    </ClCompile>
    <ClCompile Include="Asset\Material\CMaterialManager.cpp">
      <Filter>Asset\Material</Filter>
    </ClCompile>
    <ClCompile Include="Asset\Texture\CTexture.cpp">
      <Filter>Asset\Texture</Filter>
    </ClCompile>
    <ClCompile Include="Asset\Texture\CTextureManager.cpp">
      <Filter>Asset\Texture</Filter>
    </ClCompile>
    <ClCompile Include="Asset\Shader\CShaderTexture2D.cpp">
      <Filter>Asset\Shader\Shader\Texture2D</Filter>
    </ClCompile>
    <ClCompile Include="Render\CRenderManager.cpp">
      <Filter>Render</Filter>
    </ClCompile>
    <ClCompile Include="Render\CRenderState.cpp">
      <Filter>Render\RenderState</Filter>
    </ClCompile>
    <ClCompile Include="Render\CBlendState.cpp">
      <Filter>Render\RenderState</Filter>
    </ClCompile>
    <ClCompile Include="Component\CAnimation2DSequence.cpp">
      <Filter>Compnent\ObjectComponent\Animation2D</Filter>
    </ClCompile>
    <ClCompile Include="Render\CDepthStencilState.cpp">
      <Filter>Render\RenderState</Filter>
    </ClCompile>
    <ClCompile Include="Component\CAnimation2DComponent.cpp">
      <Filter>Compnent\ObjectComponent\Animation2D</Filter>
    </ClCompile>
    <ClCompile Include="Asset\Animation2D\CAnimation2D.cpp">
      <Filter>Asset\Animation2D</Filter>
    </ClCompile>
    <ClCompile Include="Asset\Animation2D\CAnimation2DManager.cpp">
      <Filter>Asset\Animation2D</Filter>
    </ClCompile>
    <ClCompile Include="Asset\Shader\CCBufferAnimation2D.cpp">
      <Filter>Asset\Shader\ConstantBuffer\Animation2D</Filter>
    </ClCompile>
    <ClCompile Include="Asset\CAsset.cpp">
      <Filter>Asset</Filter>
    </ClCompile>
    <ClCompile Include="World\CWorldAssetManager.cpp">
      <Filter>World\Asset</Filter>
    </ClCompile>
    <ClCompile Include="World\CInput.cpp">
      <Filter>World\Input</Filter>
    </ClCompile>
    <ClCompile Include="Component\CMovementComponent.cpp">
      <Filter>Compnent\ObjectComponent\Movement</Filter>
    </ClCompile>
    <ClCompile Include="Component\CProjectileMovementComponent.cpp">
      <Filter>Compnent\ObjectComponent\Movement</Filter>
    </ClCompile>
    <ClCompile Include="Component\CObjectMovementComponent.cpp">
      <Filter>Compnent\ObjectComponent\Movement</Filter>
    </ClCompile>
    <ClCompile Include="Asset\Shader\CCBufferCollider.cpp">
      <Filter>Asset\Shader\ConstantBuffer\Collider</Filter>
    </ClCompile>
    <ClCompile Include="Component\CCollider.cpp">
      <Filter>Compnent\SceneComponent\Collider</Filter>
    </ClCompile>
    <ClCompile Include="Component\CColliderBox2D.cpp">
      <Filter>Compnent\SceneComponent\Collider\2D</Filter>
    </ClCompile>
    <ClCompile Include="World\CWorldCollision.cpp">
      <Filter>World\Collision</Filter>
    </ClCompile>
    <ClCompile Include="CCollisionInfoManager.cpp">
      <Filter>Collision</Filter>
    </ClCompile>
    <ClCompile Include="Asset\Shader\CShaderCollider.cpp">
      <Filter>Asset\Shader\Shader\Collider</Filter>
    </ClCompile>
    <ClCompile Include="Component\CCollision.cpp">
      <Filter>Compnent\SceneComponent\Collider</Filter>
    </ClCompile>
    <ClCompile Include="CEngineSetting.cpp">
      <Filter>Core\Setting</Filter>
    </ClCompile>
    <ClCompile Include="Component\CColliderSphere2D.cpp">
      <Filter>Compnent\SceneComponent\Collider\2D</Filter>
    </ClCompile>
    <ClCompile Include="Component\CColliderLine2D.cpp">
      <Filter>Compnent\SceneComponent\Collider\2D</Filter>
    </ClCompile>
    <ClCompile Include="World\CCollisionQuadTree.cpp">
      <Filter>Collision</Filter>
    </ClCompile>
    <ClCompile Include="World\CCollisionQuadTreeNode.cpp">
      <Filter>Collision</Filter>
    </ClCompile>
    <ClCompile Include="World\CWorldUIManager.cpp">
      <Filter>World\UI</Filter>
    </ClCompile>
    <ClCompile Include="UI\CWidget.cpp">
      <Filter>UI</Filter>
    </ClCompile>
    <ClCompile Include="UI\CWidgetContainer.cpp">
      <Filter>UI\Widget</Filter>
    </ClCompile>
    <ClCompile Include="Asset\Shader\CCBufferUIDefault.cpp">
      <Filter>Asset\Shader\ConstantBuffer\UI</Filter>
    </ClCompile>
    <ClCompile Include="Asset\Shader\CShaderUIDefault.cpp">
      <Filter>Asset\Shader\Shader\UI</Filter>
    </ClCompile>
    <ClCompile Include="UI\CButton.cpp">
      <Filter>UI\Widget</Filter>
    </ClCompile>
    <ClCompile Include="Asset\Sound\CSound.cpp">
      <Filter>Asset\Sound</Filter>
    </ClCompile>
    <ClCompile Include="Asset\Sound\CSoundManager.cpp">
      <Filter>Asset\Sound</Filter>
    </ClCompile>
    <ClCompile Include="Asset\Font\CFontManager.cpp">
      <Filter>Asset\Font</Filter>
    </ClCompile>
    <ClCompile Include="Asset\Font\CFont.cpp">
      <Filter>Asset\Font</Filter>
    </ClCompile>
    <ClCompile Include="Asset\Font\CFontCollection.cpp">
      <Filter>Asset\Font</Filter>
    </ClCompile>
    <ClCompile Include="UI\CTextBlock.cpp">
      <Filter>UI\Widget</Filter>
    </ClCompile>
    <ClCompile Include="UI\CImage.cpp">
      <Filter>UI\Widget</Filter>
    </ClCompile>
    <ClCompile Include="UI\CProgressBar.cpp">
      <Filter>UI\Widget</Filter>
    </ClCompile>
    <ClCompile Include="UI\CTitleBar.cpp">
      <Filter>UI\Widget</Filter>
    </ClCompile>
    <ClCompile Include="Component\CWidgetComponent.cpp">
      <Filter>Compnent\SceneComponent\Widget</Filter>
    </ClCompile>
    <ClCompile Include="UI\CNumberWidget.cpp">
      <Filter>UI\Widget</Filter>
    </ClCompile>
    <ClCompile Include="UI\CMouseWidget.cpp">
      <Filter>UI\Widget</Filter>
    </ClCompile>
    <ClCompile Include="CThreadQueue.cpp">
      <Filter>Core\Thread</Filter>
    </ClCompile>
    <ClCompile Include="CThreadBase.cpp">
      <Filter>Core\Thread</Filter>
    </ClCompile>
    <ClCompile Include="CThreadManager.cpp">
      <Filter>Core\Thread</Filter>
    </ClCompile>
    <ClCompile Include="Asset\Texture\CRenderTarget.cpp">
      <Filter>Asset\Texture</Filter>
    </ClCompile>
    <ClCompile Include="Asset\Shader\CShaderNullBuffer.cpp">
      <Filter>Asset\Shader\Shader\NullBuffer</Filter>
    </ClCompile>
    <ClCompile Include="Component\CTileMapRender.cpp">
      <Filter>Compnent\SceneComponent\TileMap</Filter>
    </ClCompile>
    <ClCompile Include="Render\CPostProcess.cpp">
      <Filter>Render\PostProcess</Filter>
    </ClCompile>
    <ClCompile Include="World\CEditorWorld.cpp">
      <Filter>World\Editor</Filter>
    </ClCompile>
    <ClCompile Include="Render\CPostProcessBlur.cpp">
      <Filter>Render\PostProcess\Blur</Filter>
    </ClCompile>
    <ClCompile Include="Object\CTileMapObject.cpp">
      <Filter>Object</Filter>
    </ClCompile>
    <ClCompile Include="Component\CTileMapComponent.cpp">
      <Filter>Compnent\ObjectComponent\TileMap</Filter>
    </ClCompile>
    <ClCompile Include="Component\CTile.cpp">
      <Filter>Compnent\ObjectComponent\TileMap</Filter>
    </ClCompile>
    <ClCompile Include="Asset\Shader\CShaderTileMap.cpp">
      <Filter>Asset\Shader\Shader\TileMap</Filter>
    </ClCompile>
    <ClCompile Include="Asset\Shader\CShaderDefaultTex.cpp">
      <Filter>Asset\Shader\Shader\TileMap</Filter>
    </ClCompile>
    <ClCompile Include="Asset\Shader\CShaderBlur.cpp">
      <Filter>Asset\Shader\Shader\Blur</Filter>
    </ClCompile>
    <ClCompile Include="Asset\Shader\CCBufferTileMap.cpp">
      <Filter>Asset\Shader\ConstantBuffer\TileMap</Filter>
    </ClCompile>
    <ClCompile Include="Asset\Shader\CCBufferBlur.cpp">
      <Filter>Asset\Shader\ConstantBuffer\Blur</Filter>
    </ClCompile>
  </ItemGroup>
  <ItemGroup>
    <Text Include="Asset\Shader\SpaceTransformation.txt">
      <Filter>소스 파일</Filter>
    </Text>
  </ItemGroup>
  <ItemGroup>
    <FxCompile Include="..\Core\Bin\EngineAsset\Shader\GlobalShader2D.hlsl">
      <Filter>Asset\Shader\HLSL</Filter>
    </FxCompile>
    <FxCompile Include="..\Core\Bin\EngineAsset\Shader\Collider.hlsl">
      <Filter>Asset\Shader\HLSL</Filter>
    </FxCompile>
    <FxCompile Include="..\Core\Bin\EngineAsset\Shader\UIShader.hlsl">
      <Filter>Asset\Shader\HLSL</Filter>
    </FxCompile>
  </ItemGroup>
</Project>